// !$*UTF8*$!
{
	archiveVersion = 1;
	classes = {
	};
	objectVersion = 77;
	objects = {

/* Begin PBXBuildFile section */
		E079DEB72F68F95B00747741 /* InputMethodKit.framework in Frameworks */ = {isa = PBXBuildFile; fileRef = E079DEB62F68F95B00747741 /* InputMethodKit.framework */; };
		E079DEB82F68F95C00747741 /* libsqlite3.tbd in Frameworks */ = {isa = PBXBuildFile; fileRef = E079DEB92F68F95C00747741 /* libsqlite3.tbd */; };
/* End PBXBuildFile section */

/* Begin PBXContainerItemProxy section */
		E079DE9A2F68F95B00747741 /* PBXContainerItemProxy */ = {
			isa = PBXContainerItemProxy;
			containerPortal = E079DE842F68F95900747741 /* Project object */;
			proxyType = 1;
			remoteGlobalIDString = E079DE8B2F68F95900747741;
			remoteInfo = banglatype;
		};
		E079DEA42F68F95B00747741 /* PBXContainerItemProxy */ = {
			isa = PBXContainerItemProxy;
			containerPortal = E079DE842F68F95900747741 /* Project object */;
			proxyType = 1;
			remoteGlobalIDString = E079DE8B2F68F95900747741;
			remoteInfo = banglatype;
		};
/* End PBXContainerItemProxy section */

/* Begin PBXFileReference section */
		E079DE8C2F68F95900747741 /* BanglaType.app */ = {isa = PBXFileReference; explicitFileType = wrapper.application; includeInIndex = 0; path = BanglaType.app; sourceTree = BUILT_PRODUCTS_DIR; };
		E079DE992F68F95B00747741 /* banglatypeTests.xctest */ = {isa = PBXFileReference; explicitFileType = wrapper.cfbundle; includeInIndex = 0; path = banglatypeTests.xctest; sourceTree = BUILT_PRODUCTS_DIR; };
		E079DEA32F68F95B00747741 /* banglatypeUITests.xctest */ = {isa = PBXFileReference; explicitFileType = wrapper.cfbundle; includeInIndex = 0; path = banglatypeUITests.xctest; sourceTree = BUILT_PRODUCTS_DIR; };
		E079DEB62F68F95B00747741 /* InputMethodKit.framework */ = {isa = PBXFileReference; lastKnownFileType = wrapper.framework; name = InputMethodKit.framework; path = System/Library/Frameworks/InputMethodKit.framework; sourceTree = SDKROOT; };
		E079DEB92F68F95C00747741 /* libsqlite3.tbd */ = {isa = PBXFileReference; lastKnownFileType = "sourcecode.text-based-dylib-definition"; name = libsqlite3.tbd; path = usr/lib/libsqlite3.tbd; sourceTree = SDKROOT; };
/* End PBXFileReference section */

/* Begin PBXFileSystemSynchronizedRootGroup section */
		E079DE8E2F68F95900747741 /* banglatype */ = {
			isa = PBXFileSystemSynchronizedRootGroup;
			path = banglatype;
			sourceTree = "<group>";
		};
		E079DE9C2F68F95B00747741 /* banglatypeTests */ = {
			isa = PBXFileSystemSynchronizedRootGroup;
			path = banglatypeTests;
			sourceTree = "<group>";
		};
		E079DEA62F68F95B00747741 /* banglatypeUITests */ = {
			isa = PBXFileSystemSynchronizedRootGroup;
			path = banglatypeUITests;
			sourceTree = "<group>";
		};
/* End PBXFileSystemSynchronizedRootGroup section */

/* Begin PBXFrameworksBuildPhase section */
		E079DE892F68F95900747741 /* Frameworks */ = {
			isa = PBXFrameworksBuildPhase;
			buildActionMask = 2147483647;
			files = (
				E079DEB72F68F95B00747741 /* InputMethodKit.framework in Frameworks */,
				E079DEB82F68F95C00747741 /* libsqlite3.tbd in Frameworks */,
			);
			runOnlyForDeploymentPostprocessing = 0;
		};
		E079DE962F68F95B00747741 /* Frameworks */ = {
			isa = PBXFrameworksBuildPhase;
			buildActionMask = 2147483647;
			files = (
			);
			runOnlyForDeploymentPostprocessing = 0;
		};
		E079DEA02F68F95B00747741 /* Frameworks */ = {
			isa = PBXFrameworksBuildPhase;
			buildActionMask = 2147483647;
			files = (
			);
			runOnlyForDeploymentPostprocessing = 0;
		};
/* End PBXFrameworksBuildPhase section */

/* Begin PBXGroup section */
		E079DE832F68F95900747741 = {
			isa = PBXGroup;
			children = (
				E079DE8E2F68F95900747741 /* banglatype */,
				E079DE9C2F68F95B00747741 /* banglatypeTests */,
				E079DEA62F68F95B00747741 /* banglatypeUITests */,
				E079DE8D2F68F95900747741 /* Products */,
				E079DF1A2F6909F600747741 /* Recovered References */,
			);
			sourceTree = "<group>";
		};
		E079DE8D2F68F95900747741 /* Products */ = {
			isa = PBXGroup;
			children = (
				E079DE8C2F68F95900747741 /* BanglaType.app */,
				E079DE992F68F95B00747741 /* banglatypeTests.xctest */,
				E079DEA32F68F95B00747741 /* banglatypeUITests.xctest */,
			);
			name = Products;
			sourceTree = "<group>";
		};
		E079DF1A2F6909F600747741 /* Recovered References */ = {
			isa = PBXGroup;
			children = (
				E079DEB62F68F95B00747741 /* InputMethodKit.framework */,
				E079DEB92F68F95C00747741 /* libsqlite3.tbd */,
			);
			name = "Recovered References";
			sourceTree = "<group>";
		};
/* End PBXGroup section */

/* Begin PBXNativeTarget section */
		E079DE8B2F68F95900747741 /* banglatype */ = {
			isa = PBXNativeTarget;
			buildConfigurationList = E079DEAD2F68F95B00747741 /* Build configuration list for PBXNativeTarget "banglatype" */;
			buildPhases = (
				E079DE882F68F95900747741 /* Sources */,
				E079DE892F68F95900747741 /* Frameworks */,
				E079DE8A2F68F95900747741 /* Resources */,
			);
			buildRules = (
			);
			dependencies = (
			);
			fileSystemSynchronizedGroups = (
				E079DE8E2F68F95900747741 /* banglatype */,
			);
			name = banglatype;
			packageProductDependencies = (
			);
			productName = banglatype;
			productReference = E079DE8C2F68F95900747741 /* BanglaType.app */;
			productType = "com.apple.product-type.application";
		};
		E079DE982F68F95B00747741 /* banglatypeTests */ = {
			isa = PBXNativeTarget;
			buildConfigurationList = E079DEB02F68F95B00747741 /* Build configuration list for PBXNativeTarget "banglatypeTests" */;
			buildPhases = (
				E079DE952F68F95B00747741 /* Sources */,
				E079DE962F68F95B00747741 /* Frameworks */,
				E079DE972F68F95B00747741 /* Resources */,
			);
			buildRules = (
			);
			dependencies = (
				E079DE9B2F68F95B00747741 /* PBXTargetDependency */,
			);
			fileSystemSynchronizedGroups = (
				E079DE9C2F68F95B00747741 /* banglatypeTests */,
			);
			name = banglatypeTests;
			packageProductDependencies = (
			);
			productName = banglatypeTests;
			productReference = E079DE992F68F95B00747741 /* banglatypeTests.xctest */;
			productType = "com.apple.product-type.bundle.unit-test";
		};
		E079DEA22F68F95B00747741 /* banglatypeUITests */ = {
			isa = PBXNativeTarget;
			buildConfigurationList = E079DEB32F68F95B00747741 /* Build configuration list for PBXNativeTarget "banglatypeUITests" */;
			buildPhases = (
				E079DE9F2F68F95B00747741 /* Sources */,
				E079DEA02F68F95B00747741 /* Frameworks */,
				E079DEA12F68F95B00747741 /* Resources */,
			);
			buildRules = (
			);
			dependencies = (
				E079DEA52F68F95B00747741 /* PBXTargetDependency */,
			);
			fileSystemSynchronizedGroups = (
				E079DEA62F68F95B00747741 /* banglatypeUITests */,
			);
			name = banglatypeUITests;
			packageProductDependencies = (
			);
			productName = banglatypeUITests;
			productReference = E079DEA32F68F95B00747741 /* banglatypeUITests.xctest */;
			productType = "com.apple.product-type.bundle.ui-testing";
		};
/* End PBXNativeTarget section */

/* Begin PBXProject section */
		E079DE842F68F95900747741 /* Project object */ = {
			isa = PBXProject;
			attributes = {
				BuildIndependentTargetsInParallel = 1;
				LastSwiftUpdateCheck = 2620;
				LastUpgradeCheck = 2620;
				TargetAttributes = {
					E079DE8B2F68F95900747741 = {
						CreatedOnToolsVersion = 26.2;
					};
					E079DE982F68F95B00747741 = {
						CreatedOnToolsVersion = 26.2;
						TestTargetID = E079DE8B2F68F95900747741;
					};
					E079DEA22F68F95B00747741 = {
						CreatedOnToolsVersion = 26.2;
						TestTargetID = E079DE8B2F68F95900747741;
					};
				};
			};
			buildConfigurationList = E079DE872F68F95900747741 /* Build configuration list for PBXProject "banglatype" */;
			developmentRegion = en;
			hasScannedForEncodings = 0;
			knownRegions = (
				en,
				Base,
			);
			mainGroup = E079DE832F68F95900747741;
			minimizedProjectReferenceProxies = 1;
			preferredProjectObjectVersion = 77;
			productRefGroup = E079DE8D2F68F95900747741 /* Products */;
			projectDirPath = "";
			projectRoot = "";
			targets = (
				E079DE8B2F68F95900747741 /* banglatype */,
				E079DE982F68F95B00747741 /* banglatypeTests */,
				E079DEA22F68F95B00747741 /* banglatypeUITests */,
			);
		};
/* End PBXProject section */

/* Begin PBXResourcesBuildPhase section */
		E079DE8A2F68F95900747741 /* Resources */ = {
			isa = PBXResourcesBuildPhase;
			buildActionMask = 2147483647;
			files = (
			);
			runOnlyForDeploymentPostprocessing = 0;
		};
		E079DE972F68F95B00747741 /* Resources */ = {
			isa = PBXResourcesBuildPhase;
			buildActionMask = 2147483647;
			files = (
			);
			runOnlyForDeploymentPostprocessing = 0;
		};
		E079DEA12F68F95B00747741 /* Resources */ = {
			isa = PBXResourcesBuildPhase;
			buildActionMask = 2147483647;
			files = (
			);
			runOnlyForDeploymentPostprocessing = 0;
		};
/* End PBXResourcesBuildPhase section */

/* Begin PBXSourcesBuildPhase section */
		E079DE882F68F95900747741 /* Sources */ = {
			isa = PBXSourcesBuildPhase;
			buildActionMask = 2147483647;
			files = (
			);
			runOnlyForDeploymentPostprocessing = 0;
		};
		E079DE952F68F95B00747741 /* Sources */ = {
			isa = PBXSourcesBuildPhase;
			buildActionMask = 2147483647;
			files = (
			);
			runOnlyForDeploymentPostprocessing = 0;
		};
		E079DE9F2F68F95B00747741 /* Sources */ = {
			isa = PBXSourcesBuildPhase;
			buildActionMask = 2147483647;
			files = (
			);
			runOnlyForDeploymentPostprocessing = 0;
		};
/* End PBXSourcesBuildPhase section */

/* Begin PBXTargetDependency section */
		E079DE9B2F68F95B00747741 /* PBXTargetDependency */ = {
			isa = PBXTargetDependency;
			target = E079DE8B2F68F95900747741 /* banglatype */;
			targetProxy = E079DE9A2F68F95B00747741 /* PBXContainerItemProxy */;
		};
		E079DEA52F68F95B00747741 /* PBXTargetDependency */ = {
			isa = PBXTargetDependency;
			target = E079DE8B2F68F95900747741 /* banglatype */;
			targetProxy = E079DEA42F68F95B00747741 /* PBXContainerItemProxy */;
		};
/* End PBXTargetDependency section */

/* Begin XCBuildConfiguration section */
		E079DEAB2F68F95B00747741 /* Debug */ = {
			isa = XCBuildConfiguration;
			buildSettings = {
				ALWAYS_SEARCH_USER_PATHS = NO;
				ASSETCATALOG_COMPILER_GENERATE_SWIFT_ASSET_SYMBOL_EXTENSIONS = YES;
				CLANG_ANALYZER_NONNULL = YES;
				CLANG_ANALYZER_NUMBER_OBJECT_CONVERSION = YES_AGGRESSIVE;
				CLANG_CXX_LANGUAGE_STANDARD = "gnu++20";
				CLANG_ENABLE_MODULES = YES;
				CLANG_ENABLE_OBJC_ARC = YES;
				CLANG_ENABLE_OBJC_WEAK = YES;
				CLANG_WARN_BLOCK_CAPTURE_AUTORELEASING = YES;
				CLANG_WARN_BOOL_CONVERSION = YES;
				CLANG_WARN_COMMA = YES;
				CLANG_WARN_CONSTANT_CONVERSION = YES;
				CLANG_WARN_DEPRECATED_OBJC_IMPLEMENTATIONS = YES;
				CLANG_WARN_DIRECT_OBJC_ISA_USAGE = YES_ERROR;
				CLANG_WARN_DOCUMENTATION_COMMENTS = YES;
				CLANG_WARN_EMPTY_BODY = YES;
				CLANG_WARN_ENUM_CONVERSION = YES;
				CLANG_WARN_INFINITE_RECURSION = YES;
				CLANG_WARN_INT_CONVERSION = YES;
				CLANG_WARN_NON_LITERAL_NULL_CONVERSION = YES;
				CLANG_WARN_OBJC_IMPLICIT_RETAIN_SELF = YES;
				CLANG_WARN_OBJC_LITERAL_CONVERSION = YES;
				CLANG_WARN_OBJC_ROOT_CLASS = YES_ERROR;
				CLANG_WARN_QUOTED_INCLUDE_IN_FRAMEWORK_HEADER = YES;
				CLANG_WARN_RANGE_LOOP_ANALYSIS = YES;
				CLANG_WARN_STRICT_PROTOTYPES = YES;
				CLANG_WARN_SUSPICIOUS_MOVE = YES;
				CLANG_WARN_UNGUARDED_AVAILABILITY = YES_AGGRESSIVE;
				CLANG_WARN_UNREACHABLE_CODE = YES;
				CLANG_WARN__DUPLICATE_METHOD_MATCH = YES;
				COPY_PHASE_STRIP = NO;
				DEBUG_INFORMATION_FORMAT = dwarf;
				DEVELOPMENT_TEAM = SUALKQ6XRG;
				ENABLE_STRICT_OBJC_MSGSEND = YES;
				ENABLE_TESTABILITY = YES;
				ENABLE_USER_SCRIPT_SANDBOXING = YES;
				GCC_C_LANGUAGE_STANDARD = gnu17;
				GCC_DYNAMIC_NO_PIC = NO;
				GCC_NO_COMMON_BLOCKS = YES;
				GCC_OPTIMIZATION_LEVEL = 0;
				GCC_PREPROCESSOR_DEFINITIONS = (
					"DEBUG=1",
					"$(inherited)",
				);
				GCC_WARN_64_TO_32_BIT_CONVERSION = YES;
				GCC_WARN_ABOUT_RETURN_TYPE = YES_ERROR;
				GCC_WARN_UNDECLARED_SELECTOR = YES;
				GCC_WARN_UNINITIALIZED_AUTOS = YES_AGGRESSIVE;
				GCC_WARN_UNUSED_FUNCTION = YES;
				GCC_WARN_UNUSED_VARIABLE = YES;
				LOCALIZATION_PREFERS_STRING_CATALOGS = YES;
				MACOSX_DEPLOYMENT_TARGET = 26.2;
				MTL_ENABLE_DEBUG_INFO = INCLUDE_SOURCE;
				MTL_FAST_MATH = YES;
				ONLY_ACTIVE_ARCH = YES;
				SDKROOT = macosx;
				SWIFT_ACTIVE_COMPILATION_CONDITIONS = "DEBUG $(inherited)";
				SWIFT_OPTIMIZATION_LEVEL = "-Onone";
			};
			name = Debug;
		};
		E079DEAC2F68F95B00747741 /* Release */ = {
			isa = XCBuildConfiguration;
			buildSettings = {
				ALWAYS_SEARCH_USER_PATHS = NO;
				ASSETCATALOG_COMPILER_GENERATE_SWIFT_ASSET_SYMBOL_EXTENSIONS = YES;
				CLANG_ANALYZER_NONNULL = YES;
				CLANG_ANALYZER_NUMBER_OBJECT_CONVERSION = YES_AGGRESSIVE;
				CLANG_CXX_LANGUAGE_STANDARD = "gnu++20";
				CLANG_ENABLE_MODULES = YES;
				CLANG_ENABLE_OBJC_ARC = YES;
				CLANG_ENABLE_OBJC_WEAK = YES;
				CLANG_WARN_BLOCK_CAPTURE_AUTORELEASING = YES;
				CLANG_WARN_BOOL_CONVERSION = YES;
				CLANG_WARN_COMMA = YES;
				CLANG_WARN_CONSTANT_CONVERSION = YES;
				CLANG_WARN_DEPRECATED_OBJC_IMPLEMENTATIONS = YES;
				CLANG_WARN_DIRECT_OBJC_ISA_USAGE = YES_ERROR;
				CLANG_WARN_DOCUMENTATION_COMMENTS = YES;
				CLANG_WARN_EMPTY_BODY = YES;
				CLANG_WARN_ENUM_CONVERSION = YES;
				CLANG_WARN_INFINITE_RECURSION = YES;
				CLANG_WARN_INT_CONVERSION = YES;
				CLANG_WARN_NON_LITERAL_NULL_CONVERSION = YES;
				CLANG_WARN_OBJC_IMPLICIT_RETAIN_SELF = YES;
				CLANG_WARN_OBJC_LITERAL_CONVERSION = YES;
				CLANG_WARN_OBJC_ROOT_CLASS = YES_ERROR;
				CLANG_WARN_QUOTED_INCLUDE_IN_FRAMEWORK_HEADER = YES;
				CLANG_WARN_RANGE_LOOP_ANALYSIS = YES;
				CLANG_WARN_STRICT_PROTOTYPES = YES;
				CLANG_WARN_SUSPICIOUS_MOVE = YES;
				CLANG_WARN_UNGUARDED_AVAILABILITY = YES_AGGRESSIVE;
				CLANG_WARN_UNREACHABLE_CODE = YES;
				CLANG_WARN__DUPLICATE_METHOD_MATCH = YES;
				COPY_PHASE_STRIP = NO;
				DEBUG_INFORMATION_FORMAT = "dwarf-with-dsym";
				DEVELOPMENT_TEAM = SUALKQ6XRG;
				ENABLE_NS_ASSERTIONS = NO;
				ENABLE_STRICT_OBJC_MSGSEND = YES;
				ENABLE_USER_SCRIPT_SANDBOXING = YES;
				GCC_C_LANGUAGE_STANDARD = gnu17;
				GCC_NO_COMMON_BLOCKS = YES;
				GCC_WARN_64_TO_32_BIT_CONVERSION = YES;
				GCC_WARN_ABOUT_RETURN_TYPE = YES_ERROR;
				GCC_WARN_UNDECLARED_SELECTOR = YES;
				GCC_WARN_UNINITIALIZED_AUTOS = YES_AGGRESSIVE;
				GCC_WARN_UNUSED_FUNCTION = YES;
				GCC_WARN_UNUSED_VARIABLE = YES;
				LOCALIZATION_PREFERS_STRING_CATALOGS = YES;
				MACOSX_DEPLOYMENT_TARGET = 26.2;
				MTL_ENABLE_DEBUG_INFO = NO;
				MTL_FAST_MATH = YES;
				SDKROOT = macosx;
				SWIFT_COMPILATION_MODE = wholemodule;
			};
			name = Release;
		};
		E079DEAE2F68F95B00747741 /* Debug */ = {
			isa = XCBuildConfiguration;
			buildSettings = {
				ASSETCATALOG_COMPILER_APPICON_NAME = AppIcon;
				ASSETCATALOG_COMPILER_GLOBAL_ACCENT_COLOR_NAME = AccentColor;
				CODE_SIGN_STYLE = Automatic;
				COMBINE_HIDPI_IMAGES = YES;
				CURRENT_PROJECT_VERSION = 1;
				DEVELOPMENT_TEAM = SUALKQ6XRG;
				ENABLE_APP_SANDBOX = NO;
				ENABLE_HARDENED_RUNTIME = YES;
				ENABLE_PREVIEWS = YES;
				GENERATE_INFOPLIST_FILE = NO;
				INFOPLIST_FILE = banglatype/Info.plist;
				INFOPLIST_KEY_CFBundleDisplayName = BanglaType;
				INFOPLIST_KEY_LSApplicationCategoryType = "public.app-category.utilities";
				LD_RUNPATH_SEARCH_PATHS = (
					"$(inherited)",
					"@executable_path/../Frameworks",
				);
				MACOSX_DEPLOYMENT_TARGET = 13.0;
				MARKETING_VERSION = 1.0;
				PRODUCT_BUNDLE_IDENTIFIER = com.banglatype.inputmethod.BanglaType;
				PRODUCT_NAME = BanglaType;
				STRING_CATALOG_GENERATE_SYMBOLS = YES;
				SWIFT_APPROACHABLE_CONCURRENCY = YES;
				SWIFT_EMIT_LOC_STRINGS = YES;
				SWIFT_UPCOMING_FEATURE_MEMBER_IMPORT_VISIBILITY = YES;
				SWIFT_VERSION = 5.0;
			};
			name = Debug;
		};
		E079DEAF2F68F95B00747741 /* Release */ = {
			isa = XCBuildConfiguration;
			buildSettings = {
				ASSETCATALOG_COMPILER_APPICON_NAME = AppIcon;
				ASSETCATALOG_COMPILER_GLOBAL_ACCENT_COLOR_NAME = AccentColor;
				CODE_SIGN_STYLE = Automatic;
				COMBINE_HIDPI_IMAGES = YES;
				CURRENT_PROJECT_VERSION = 1;
				DEVELOPMENT_TEAM = SUALKQ6XRG;
				ENABLE_APP_SANDBOX = NO;
				ENABLE_HARDENED_RUNTIME = YES;
				ENABLE_PREVIEWS = YES;
				GENERATE_INFOPLIST_FILE = NO;
				INFOPLIST_FILE = banglatype/Info.plist;
				INFOPLIST_KEY_CFBundleDisplayName = BanglaType;
				INFOPLIST_KEY_LSApplicationCategoryType = "public.app-category.utilities";
				LD_RUNPATH_SEARCH_PATHS = (
					"$(inherited)",
					"@executable_path/../Frameworks",
				);
				MACOSX_DEPLOYMENT_TARGET = 13.0;
				MARKETING_VERSION = 1.0;
				PRODUCT_BUNDLE_IDENTIFIER = com.banglatype.inputmethod.BanglaType;
				PRODUCT_NAME = BanglaType;
				STRING_CATALOG_GENERATE_SYMBOLS = YES;
				SWIFT_APPROACHABLE_CONCURRENCY = YES;
				SWIFT_EMIT_LOC_STRINGS = YES;
				SWIFT_UPCOMING_FEATURE_MEMBER_IMPORT_VISIBILITY = YES;
				SWIFT_VERSION = 5.0;
			};
			name = Release;
		};
		E079DEB12F68F95B00747741 /* Debug */ = {
			isa = XCBuildConfiguration;
			buildSettings = {
				BUNDLE_LOADER = "$(TEST_HOST)";
				CODE_SIGN_STYLE = Automatic;
				CURRENT_PROJECT_VERSION = 1;
				DEVELOPMENT_TEAM = SUALKQ6XRG;
				GENERATE_INFOPLIST_FILE = YES;
				MACOSX_DEPLOYMENT_TARGET = 26.2;
				MARKETING_VERSION = 1.0;
				PRODUCT_BUNDLE_IDENTIFIER = com.banglatypeTests;
				PRODUCT_NAME = "$(TARGET_NAME)";
				STRING_CATALOG_GENERATE_SYMBOLS = NO;
				SWIFT_APPROACHABLE_CONCURRENCY = YES;
				SWIFT_EMIT_LOC_STRINGS = NO;
				SWIFT_UPCOMING_FEATURE_MEMBER_IMPORT_VISIBILITY = YES;
				SWIFT_VERSION = 5.0;
				TEST_HOST = "$(BUILT_PRODUCTS_DIR)/banglatype.app/$(BUNDLE_EXECUTABLE_FOLDER_PATH)/banglatype";
			};
			name = Debug;
		};
		E079DEB22F68F95B00747741 /* Release */ = {
			isa = XCBuildConfiguration;
			buildSettings = {
				BUNDLE_LOADER = "$(TEST_HOST)";
				CODE_SIGN_STYLE = Automatic;
				CURRENT_PROJECT_VERSION = 1;
				DEVELOPMENT_TEAM = SUALKQ6XRG;
				GENERATE_INFOPLIST_FILE = YES;
				MACOSX_DEPLOYMENT_TARGET = 26.2;
				MARKETING_VERSION = 1.0;
				PRODUCT_BUNDLE_IDENTIFIER = com.banglatypeTests;
				PRODUCT_NAME = "$(TARGET_NAME)";
				STRING_CATALOG_GENERATE_SYMBOLS = NO;
				SWIFT_APPROACHABLE_CONCURRENCY = YES;
				SWIFT_EMIT_LOC_STRINGS = NO;
				SWIFT_UPCOMING_FEATURE_MEMBER_IMPORT_VISIBILITY = YES;
				SWIFT_VERSION = 5.0;
				TEST_HOST = "$(BUILT_PRODUCTS_DIR)/banglatype.app/$(BUNDLE_EXECUTABLE_FOLDER_PATH)/banglatype";
			};
			name = Release;
		};
		E079DEB42F68F95B00747741 /* Debug */ = {
			isa = XCBuildConfiguration;
			buildSettings = {
				CODE_SIGN_STYLE = Automatic;
				CURRENT_PROJECT_VERSION = 1;
				DEVELOPMENT_TEAM = SUALKQ6XRG;
				GENERATE_INFOPLIST_FILE = YES;
				MARKETING_VERSION = 1.0;
				PRODUCT_BUNDLE_IDENTIFIER = com.banglatypeUITests;
				PRODUCT_NAME = "$(TARGET_NAME)";
				STRING_CATALOG_GENERATE_SYMBOLS = NO;
				SWIFT_APPROACHABLE_CONCURRENCY = YES;
				SWIFT_EMIT_LOC_STRINGS = NO;
				SWIFT_UPCOMING_FEATURE_MEMBER_IMPORT_VISIBILITY = YES;
				SWIFT_VERSION = 5.0;
				TEST_TARGET_NAME = banglatype;
			};
			name = Debug;
		};
		E079DEB52F68F95B00747741 /* Release */ = {
			isa = XCBuildConfiguration;
			buildSettings = {
				CODE_SIGN_STYLE = Automatic;
				CURRENT_PROJECT_VERSION = 1;
				DEVELOPMENT_TEAM = SUALKQ6XRG;
				GENERATE_INFOPLIST_FILE = YES;
				MARKETING_VERSION = 1.0;
				PRODUCT_BUNDLE_IDENTIFIER = com.banglatypeUITests;
				PRODUCT_NAME = "$(TARGET_NAME)";
				STRING_CATALOG_GENERATE_SYMBOLS = NO;
				SWIFT_APPROACHABLE_CONCURRENCY = YES;
				SWIFT_EMIT_LOC_STRINGS = NO;
				SWIFT_UPCOMING_FEATURE_MEMBER_IMPORT_VISIBILITY = YES;
				SWIFT_VERSION = 5.0;
				TEST_TARGET_NAME = banglatype;
			};
			name = Release;
		};
/* End XCBuildConfiguration section */

/* Begin XCConfigurationList section */
		E079DE872F68F95900747741 /* Build configuration list for PBXProject "banglatype" */ = {
			isa = XCConfigurationList;
			buildConfigurations = (
				E079DEAB2F68F95B00747741 /* Debug */,
				E079DEAC2F68F95B00747741 /* Release */,
			);
			defaultConfigurationIsVisible = 0;
			defaultConfigurationName = Release;
		};
		E079DEAD2F68F95B00747741 /* Build configuration list for PBXNativeTarget "banglatype" */ = {
			isa = XCConfigurationList;
			buildConfigurations = (
				E079DEAE2F68F95B00747741 /* Debug */,
				E079DEAF2F68F95B00747741 /* Release */,
			);
			defaultConfigurationIsVisible = 0;
			defaultConfigurationName = Release;
		};
		E079DEB02F68F95B00747741 /* Build configuration list for PBXNativeTarget "banglatypeTests" */ = {
			isa = XCConfigurationList;
			buildConfigurations = (
				E079DEB12F68F95B00747741 /* Debug */,
				E079DEB22F68F95B00747741 /* Release */,
			);
			defaultConfigurationIsVisible = 0;
			defaultConfigurationName = Release;
		};
		E079DEB32F68F95B00747741 /* Build configuration list for PBXNativeTarget "banglatypeUITests" */ = {
			isa = XCConfigurationList;
			buildConfigurations = (
				E079DEB42F68F95B00747741 /* Debug */,
				E079DEB52F68F95B00747741 /* Release */,
			);
			defaultConfigurationIsVisible = 0;
			defaultConfigurationName = Release;
		};
/* End XCConfigurationList section */
	};
	rootObject = E079DE842F68F95900747741 /* Project object */;
}
